// !$*UTF8*$!
{
	archiveVersion = 1;
	classes = {
	};
	objectVersion = 56;
	objects = {

/* Begin PBXBuildFile section */
		A1B2C3D40001000100000001 /* SarahIAApp.swift in Sources */ = {isa = PBXBuildFile; fileRef = A1B2C3D40002000100000001 /* SarahIAApp.swift */; };
		A1B2C3D40001000100000002 /* ContentView.swift in Sources */ = {isa = PBXBuildFile; fileRef = A1B2C3D40002000100000002 /* ContentView.swift */; };
		A1B2C3D40001000100000003 /* Message.swift in Sources */ = {isa = PBXBuildFile; fileRef = A1B2C3D40002000100000003 /* Message.swift */; };
		A1B2C3D40001000100000004 /* AIService.swift in Sources */ = {isa = PBXBuildFile; fileRef = A1B2C3D40002000100000004 /* AIService.swift */; };
		A1B2C3D40001000100000005 /* NotificationService.swift in Sources */ = {isa = PBXBuildFile; fileRef = A1B2C3D40002000100000005 /* NotificationService.swift */; };
		A1B2C3D40001000100000006 /* ChatViewModel.swift in Sources */ = {isa = PBXBuildFile; fileRef = A1B2C3D40002000100000006 /* ChatViewModel.swift */; };
		A1B2C3D40001000100000007 /* ChatBubbleView.swift in Sources */ = {isa = PBXBuildFile; fileRef = A1B2C3D40002000100000007 /* ChatBubbleView.swift */; };
		A1B2C3D40001000100000008 /* MessageInputView.swift in Sources */ = {isa = PBXBuildFile; fileRef = A1B2C3D40002000100000008 /* MessageInputView.swift */; };
		A1B2C3D40001000100000009 /* TypingIndicatorView.swift in Sources */ = {isa = PBXBuildFile; fileRef = A1B2C3D40002000100000009 /* TypingIndicatorView.swift */; };
		A1B2C3D4000100010000000B /* Assets.xcassets in Resources */ = {isa = PBXBuildFile; fileRef = A1B2C3D4000200010000000B /* Assets.xcassets */; };
		A1B2C3D40001000100000010 /* StorageService.swift in Sources */ = {isa = PBXBuildFile; fileRef = A1B2C3D40002000100000010 /* StorageService.swift */; };
		A1B2C3D40001000100000011 /* AudioEngineManager.swift in Sources */ = {isa = PBXBuildFile; fileRef = A1B2C3D40002000100000011 /* AudioEngineManager.swift */; };
		A1B2C3D40001000100000012 /* WhisperService.swift in Sources */ = {isa = PBXBuildFile; fileRef = A1B2C3D40002000100000012 /* WhisperService.swift */; };
		A1B2C3D40001000100000013 /* TTSService.swift in Sources */ = {isa = PBXBuildFile; fileRef = A1B2C3D40002000100000013 /* TTSService.swift */; };
		A1B2C3D40001000100000017 /* HapticService.swift in Sources */ = {isa = PBXBuildFile; fileRef = A1B2C3D40002000100000017 /* HapticService.swift */; };
		A1B2C3D40001000100000018 /* MemoryVaultView.swift in Sources */ = {isa = PBXBuildFile; fileRef = A1B2C3D40002000100000018 /* MemoryVaultView.swift */; };
		A1B2C3D40001000100000019 /* SettingsView.swift in Sources */ = {isa = PBXBuildFile; fileRef = A1B2C3D40002000100000019 /* SettingsView.swift */; };
		A1B2C3D4000100010000001E /* OpenAIService.swift in Sources */ = {isa = PBXBuildFile; fileRef = A1B2C3D4000200010000001E /* OpenAIService.swift */; };
		A1B2C3D4000100010000001F /* TranslationEngine.swift in Sources */ = {isa = PBXBuildFile; fileRef = A1B2C3D4000200010000001F /* TranslationEngine.swift */; };
		A1B2C3D40001000100000020 /* ModelDownloader.swift in Sources */ = {isa = PBXBuildFile; fileRef = A1B2C3D40002000100000020 /* ModelDownloader.swift */; };
		A1B2C3D40001000100000021 /* NetworkMonitor.swift in Sources */ = {isa = PBXBuildFile; fileRef = A1B2C3D40002000100000021 /* NetworkMonitor.swift */; };
		A1B2C3D40001000100000022 /* LocalVisionEngine.swift in Sources */ = {isa = PBXBuildFile; fileRef = A1B2C3D40002000100000022 /* LocalVisionEngine.swift */; };
		A1B2C3D40001000100000023 /* SemanticMemoryIndex.swift in Sources */ = {isa = PBXBuildFile; fileRef = A1B2C3D40002000100000023 /* SemanticMemoryIndex.swift */; };
		A1B2C3D40001000100000024 /* DeviceController.swift in Sources */ = {isa = PBXBuildFile; fileRef = A1B2C3D40002000100000024 /* DeviceController.swift */; };
		A1B2C3D40001000100000025 /* ShortcutGenerator.swift in Sources */ = {isa = PBXBuildFile; fileRef = A1B2C3D40002000100000025 /* ShortcutGenerator.swift */; };
		A1B2C3D40001000100000026 /* LocalScriptSandbox.swift in Sources */ = {isa = PBXBuildFile; fileRef = A1B2C3D40002000100000026 /* LocalScriptSandbox.swift */; };
		A1B2C3D40001000100000027 /* ClipboardCompanion.swift in Sources */ = {isa = PBXBuildFile; fileRef = A1B2C3D40002000100000027 /* ClipboardCompanion.swift */; };
		A1B2C3D40001000100000028 /* WakeWordDetector.swift in Sources */ = {isa = PBXBuildFile; fileRef = A1B2C3D40002000100000028 /* WakeWordDetector.swift */; };
		A1B2C3D40001000100000029 /* BackTapGestureDetector.swift in Sources */ = {isa = PBXBuildFile; fileRef = A1B2C3D40002000100000029 /* BackTapGestureDetector.swift */; };
		A1B2C3D4000100010000002A /* SarahWidgetBridge.swift in Sources */ = {isa = PBXBuildFile; fileRef = A1B2C3D4000200010000002A /* SarahWidgetBridge.swift */; };
		A1B2C3D40001000100000030 /* SidebarView.swift in Sources */ = {isa = PBXBuildFile; fileRef = A1B2C3D40002000100000030 /* SidebarView.swift */; };
		A1B2C3D40001000100000031 /* ChatScreenView.swift in Sources */ = {isa = PBXBuildFile; fileRef = A1B2C3D40002000100000031 /* ChatScreenView.swift */; };
		A1B2C3D40001000100000032 /* Conversation.swift in Sources */ = {isa = PBXBuildFile; fileRef = A1B2C3D40002000100000032 /* Conversation.swift */; };
		A1B2C3D40001000100000033 /* SarahWidgets.swift in Sources */ = {isa = PBXBuildFile; fileRef = A1B2C3D40002000100000033 /* SarahWidgets.swift */; };
		A1B2C3D40001000100000034 /* AppleSpeechRecognizer.swift in Sources */ = {isa = PBXBuildFile; fileRef = A1B2C3D40002000100000034 /* AppleSpeechRecognizer.swift */; };
		A1B2C3D40001000100000035 /* AudioSessionManager.swift in Sources */ = {isa = PBXBuildFile; fileRef = A1B2C3D40002000100000035 /* AudioSessionManager.swift */; };
		A1B2C3D40001000100000036 /* SpeechManager.swift in Sources */ = {isa = PBXBuildFile; fileRef = A1B2C3D40002000100000036 /* SpeechManager.swift */; };
		A1B2C3D40001000100000037 /* MessageList.swift in Sources */ = {isa = PBXBuildFile; fileRef = A1B2C3D40002000100000037 /* MessageList.swift */; };
		A1B2C3D40001000100000038 /* MessageBar.swift in Sources */ = {isa = PBXBuildFile; fileRef = A1B2C3D40002000100000038 /* MessageBar.swift */; };
		A1B2C3D40001000100000039 /* KeyboardObserver.swift in Sources */ = {isa = PBXBuildFile; fileRef = A1B2C3D40002000100000039 /* KeyboardObserver.swift */; };
		A1B2C3D40001000100000040 /* LegacyChatViewController.swift in Sources */ = {isa = PBXBuildFile; fileRef = A1B2C3D40002000100000040 /* LegacyChatViewController.swift */; };
		W1B2C3D40001000100000050 /* SarahIAWidgetsEntryPoint.swift in Sources */ = {isa = PBXBuildFile; fileRef = W1B2C3D40002000100000050 /* SarahIAWidgetsEntryPoint.swift */; };
		W1B2C3D40001000100000051 /* SarahWidgets.swift in Sources */ = {isa = PBXBuildFile; fileRef = A1B2C3D40002000100000033 /* SarahWidgets.swift */; };
		W1B2C3D40001000100000052 /* SarahWidgetBridge.swift in Sources */ = {isa = PBXBuildFile; fileRef = A1B2C3D4000200010000002A /* SarahWidgetBridge.swift */; };
		W1B2C3D4000100010000005A /* SarahIAWidgets.appex in Embed App Extensions */ = {isa = PBXBuildFile; fileRef = W1B2C3D4000200010000005A /* SarahIAWidgets.appex */; settings = {ATTRIBUTES = (RemoveHeadersOnCopy, ); }; };
/* End PBXBuildFile section */

/* Begin PBXFileReference section */
		A1B2C3D40002000100000001 /* SarahIAApp.swift */ = {isa = PBXFileReference; lastKnownFileType = sourcecode.swift; path = SarahIAApp.swift; sourceTree = "<group>"; };
		A1B2C3D40002000100000002 /* ContentView.swift */ = {isa = PBXFileReference; lastKnownFileType = sourcecode.swift; path = ContentView.swift; sourceTree = "<group>"; };
		A1B2C3D40002000100000003 /* Message.swift */ = {isa = PBXFileReference; lastKnownFileType = sourcecode.swift; path = Message.swift; sourceTree = "<group>"; };
		A1B2C3D40002000100000004 /* AIService.swift */ = {isa = PBXFileReference; lastKnownFileType = sourcecode.swift; path = AIService.swift; sourceTree = "<group>"; };
		A1B2C3D40002000100000005 /* NotificationService.swift */ = {isa = PBXFileReference; lastKnownFileType = sourcecode.swift; path = NotificationService.swift; sourceTree = "<group>"; };
		A1B2C3D40002000100000006 /* ChatViewModel.swift */ = {isa = PBXFileReference; lastKnownFileType = sourcecode.swift; path = ChatViewModel.swift; sourceTree = "<group>"; };
		A1B2C3D40002000100000007 /* ChatBubbleView.swift */ = {isa = PBXFileReference; lastKnownFileType = sourcecode.swift; path = ChatBubbleView.swift; sourceTree = "<group>"; };
		A1B2C3D40002000100000008 /* MessageInputView.swift */ = {isa = PBXFileReference; lastKnownFileType = sourcecode.swift; path = MessageInputView.swift; sourceTree = "<group>"; };
		A1B2C3D40002000100000009 /* TypingIndicatorView.swift */ = {isa = PBXFileReference; lastKnownFileType = sourcecode.swift; path = TypingIndicatorView.swift; sourceTree = "<group>"; };
		A1B2C3D4000200010000000A /* Info.plist */ = {isa = PBXFileReference; lastKnownFileType = text.plist.xml; path = Info.plist; sourceTree = "<group>"; };
		A1B2C3D4000200010000000B /* Assets.xcassets */ = {isa = PBXFileReference; lastKnownFileType = folder.assetcatalog; path = Assets.xcassets; sourceTree = "<group>"; };
		A1B2C3D4000200010000000C /* SarahIA.app */ = {isa = PBXFileReference; explicitFileType = wrapper.application; includeInIndex = 0; path = SarahIA.app; sourceTree = BUILT_PRODUCTS_DIR; };
		A1B2C3D40002000100000010 /* StorageService.swift */ = {isa = PBXFileReference; lastKnownFileType = sourcecode.swift; path = StorageService.swift; sourceTree = "<group>"; };
		A1B2C3D40002000100000011 /* AudioEngineManager.swift */ = {isa = PBXFileReference; lastKnownFileType = sourcecode.swift; path = AudioEngineManager.swift; sourceTree = "<group>"; };
		A1B2C3D40002000100000012 /* WhisperService.swift */ = {isa = PBXFileReference; lastKnownFileType = sourcecode.swift; path = WhisperService.swift; sourceTree = "<group>"; };
		A1B2C3D40002000100000013 /* TTSService.swift */ = {isa = PBXFileReference; lastKnownFileType = sourcecode.swift; path = TTSService.swift; sourceTree = "<group>"; };
		A1B2C3D40002000100000017 /* HapticService.swift */ = {isa = PBXFileReference; lastKnownFileType = sourcecode.swift; path = HapticService.swift; sourceTree = "<group>"; };
		A1B2C3D40002000100000018 /* MemoryVaultView.swift */ = {isa = PBXFileReference; lastKnownFileType = sourcecode.swift; path = MemoryVaultView.swift; sourceTree = "<group>"; };
		A1B2C3D40002000100000019 /* SettingsView.swift */ = {isa = PBXFileReference; lastKnownFileType = sourcecode.swift; path = SettingsView.swift; sourceTree = "<group>"; };
		A1B2C3D4000200010000001E /* OpenAIService.swift */ = {isa = PBXFileReference; lastKnownFileType = sourcecode.swift; path = OpenAIService.swift; sourceTree = "<group>"; };
		A1B2C3D4000200010000001F /* TranslationEngine.swift */ = {isa = PBXFileReference; lastKnownFileType = sourcecode.swift; path = TranslationEngine.swift; sourceTree = "<group>"; };
		A1B2C3D40002000100000020 /* ModelDownloader.swift */ = {isa = PBXFileReference; lastKnownFileType = sourcecode.swift; path = ModelDownloader.swift; sourceTree = "<group>"; };
		A1B2C3D40002000100000021 /* NetworkMonitor.swift */ = {isa = PBXFileReference; lastKnownFileType = sourcecode.swift; path = NetworkMonitor.swift; sourceTree = "<group>"; };
		A1B2C3D40002000100000022 /* LocalVisionEngine.swift */ = {isa = PBXFileReference; lastKnownFileType = sourcecode.swift; path = LocalVisionEngine.swift; sourceTree = "<group>"; };
		A1B2C3D40002000100000023 /* SemanticMemoryIndex.swift */ = {isa = PBXFileReference; lastKnownFileType = sourcecode.swift; path = SemanticMemoryIndex.swift; sourceTree = "<group>"; };
		A1B2C3D40002000100000024 /* DeviceController.swift */ = {isa = PBXFileReference; lastKnownFileType = sourcecode.swift; path = DeviceController.swift; sourceTree = "<group>"; };
		A1B2C3D40002000100000025 /* ShortcutGenerator.swift */ = {isa = PBXFileReference; lastKnownFileType = sourcecode.swift; path = ShortcutGenerator.swift; sourceTree = "<group>"; };
		A1B2C3D40002000100000026 /* LocalScriptSandbox.swift */ = {isa = PBXFileReference; lastKnownFileType = sourcecode.swift; path = LocalScriptSandbox.swift; sourceTree = "<group>"; };
		A1B2C3D40002000100000027 /* ClipboardCompanion.swift */ = {isa = PBXFileReference; lastKnownFileType = sourcecode.swift; path = ClipboardCompanion.swift; sourceTree = "<group>"; };
		A1B2C3D40002000100000028 /* WakeWordDetector.swift */ = {isa = PBXFileReference; lastKnownFileType = sourcecode.swift; path = WakeWordDetector.swift; sourceTree = "<group>"; };
		A1B2C3D40002000100000029 /* BackTapGestureDetector.swift */ = {isa = PBXFileReference; lastKnownFileType = sourcecode.swift; path = BackTapGestureDetector.swift; sourceTree = "<group>"; };
		A1B2C3D4000200010000002A /* SarahWidgetBridge.swift */ = {isa = PBXFileReference; lastKnownFileType = sourcecode.swift; path = SarahWidgetBridge.swift; sourceTree = "<group>"; };
		A1B2C3D40002000100000030 /* SidebarView.swift */ = {isa = PBXFileReference; lastKnownFileType = sourcecode.swift; path = SidebarView.swift; sourceTree = "<group>"; };
		A1B2C3D40002000100000031 /* ChatScreenView.swift */ = {isa = PBXFileReference; lastKnownFileType = sourcecode.swift; path = ChatScreenView.swift; sourceTree = "<group>"; };
		A1B2C3D40002000100000032 /* Conversation.swift */ = {isa = PBXFileReference; lastKnownFileType = sourcecode.swift; path = Conversation.swift; sourceTree = "<group>"; };
		A1B2C3D40002000100000033 /* SarahWidgets.swift */ = {isa = PBXFileReference; lastKnownFileType = sourcecode.swift; path = SarahWidgets.swift; sourceTree = "<group>"; };
		A1B2C3D40002000100000034 /* AppleSpeechRecognizer.swift */ = {isa = PBXFileReference; lastKnownFileType = sourcecode.swift; path = AppleSpeechRecognizer.swift; sourceTree = "<group>"; };
		A1B2C3D40002000100000035 /* AudioSessionManager.swift */ = {isa = PBXFileReference; lastKnownFileType = sourcecode.swift; path = AudioSessionManager.swift; sourceTree = "<group>"; };
		A1B2C3D40002000100000036 /* SpeechManager.swift */ = {isa = PBXFileReference; lastKnownFileType = sourcecode.swift; path = SpeechManager.swift; sourceTree = "<group>"; };
		A1B2C3D40002000100000037 /* MessageList.swift */ = {isa = PBXFileReference; lastKnownFileType = sourcecode.swift; path = MessageList.swift; sourceTree = "<group>"; };
		A1B2C3D40002000100000038 /* MessageBar.swift */ = {isa = PBXFileReference; lastKnownFileType = sourcecode.swift; path = MessageBar.swift; sourceTree = "<group>"; };
		A1B2C3D40002000100000039 /* KeyboardObserver.swift */ = {isa = PBXFileReference; lastKnownFileType = sourcecode.swift; path = KeyboardObserver.swift; sourceTree = "<group>"; };
		A1B2C3D40002000100000040 /* LegacyChatViewController.swift */ = {isa = PBXFileReference; lastKnownFileType = sourcecode.swift; path = LegacyChatViewController.swift; sourceTree = "<group>"; };
		W1B2C3D40002000100000050 /* SarahIAWidgetsEntryPoint.swift */ = {isa = PBXFileReference; lastKnownFileType = sourcecode.swift; path = SarahIAWidgetsEntryPoint.swift; sourceTree = "<group>"; };
		W1B2C3D4000200010000005A /* SarahIAWidgets.appex */ = {isa = PBXFileReference; explicitFileType = "wrapper.app-extension"; includeInIndex = 0; path = SarahIAWidgets.appex; sourceTree = BUILT_PRODUCTS_DIR; };
		W1B2C3D4000200010000005B /* Info.plist */ = {isa = PBXFileReference; lastKnownFileType = text.plist.xml; path = Info.plist; sourceTree = "<group>"; };
/* End PBXFileReference section */

/* Begin PBXFrameworksBuildPhase section */
		A1B2C3D40003000100000001 /* Frameworks */ = {
			isa = PBXFrameworksBuildPhase;
			buildActionMask = 2147483647;
			files = (
			);
			runOnlyForDeploymentPostprocessing = 0;
		};
		W1B2C3D40003000100000010 /* Frameworks (Widget) */ = {
			isa = PBXFrameworksBuildPhase;
			buildActionMask = 2147483647;
			files = (
			);
			runOnlyForDeploymentPostprocessing = 0;
		};
/* End PBXFrameworksBuildPhase section */

/* Begin PBXGroup section */
		A1B2C3D40004000100000001 = {
			isa = PBXGroup;
			children = (
				A1B2C3D40004000100000002 /* SarahIA */,
				W1B2C3D40004000100000060 /* SarahIAWidgets */,
				A1B2C3D40004000100000007 /* Products */,
			);
			sourceTree = "<group>";
		};
		A1B2C3D40004000100000002 /* SarahIA */ = {
			isa = PBXGroup;
			children = (
				A1B2C3D40002000100000001 /* SarahIAApp.swift */,
				A1B2C3D40002000100000002 /* ContentView.swift */,
				A1B2C3D40004000100000003 /* Models */,
				A1B2C3D40004000100000004 /* Services */,
				A1B2C3D40004000100000005 /* Views */,
				A1B2C3D40004000100000006 /* ViewModels */,
				A1B2C3D4000200010000000B /* Assets.xcassets */,
				A1B2C3D4000200010000000A /* Info.plist */,
			);
			path = SarahIA;
			sourceTree = "<group>";
		};
		A1B2C3D40004000100000003 /* Models */ = {
			isa = PBXGroup;
			children = (
				A1B2C3D40002000100000003 /* Message.swift */,
				A1B2C3D40002000100000032 /* Conversation.swift */,
			);
			path = Models;
			sourceTree = "<group>";
		};
		A1B2C3D40004000100000004 /* Services */ = {
			isa = PBXGroup;
			children = (
				A1B2C3D40002000100000004 /* AIService.swift */,
				A1B2C3D40002000100000005 /* NotificationService.swift */,
				A1B2C3D40002000100000010 /* StorageService.swift */,
				A1B2C3D40002000100000011 /* AudioEngineManager.swift */,
				A1B2C3D40002000100000012 /* WhisperService.swift */,
				A1B2C3D40002000100000013 /* TTSService.swift */,
				A1B2C3D40002000100000017 /* HapticService.swift */,
				A1B2C3D4000200010000001E /* OpenAIService.swift */,
				A1B2C3D4000200010000001F /* TranslationEngine.swift */,
				A1B2C3D40002000100000020 /* ModelDownloader.swift */,
				A1B2C3D40002000100000021 /* NetworkMonitor.swift */,
				A1B2C3D40002000100000022 /* LocalVisionEngine.swift */,
				A1B2C3D40002000100000023 /* SemanticMemoryIndex.swift */,
				A1B2C3D40002000100000024 /* DeviceController.swift */,
				A1B2C3D40002000100000025 /* ShortcutGenerator.swift */,
				A1B2C3D40002000100000026 /* LocalScriptSandbox.swift */,
				A1B2C3D40002000100000027 /* ClipboardCompanion.swift */,
				A1B2C3D40002000100000028 /* WakeWordDetector.swift */,
				A1B2C3D40002000100000029 /* BackTapGestureDetector.swift */,
				A1B2C3D4000200010000002A /* SarahWidgetBridge.swift */,
				A1B2C3D40002000100000034 /* AppleSpeechRecognizer.swift */,
				A1B2C3D40002000100000035 /* AudioSessionManager.swift */,
				A1B2C3D40002000100000036 /* SpeechManager.swift */,
				A1B2C3D40002000100000039 /* KeyboardObserver.swift */,
			);
			path = Services;
			sourceTree = "<group>";
		};
		A1B2C3D40004000100000005 /* Views */ = {
			isa = PBXGroup;
			children = (
				A1B2C3D40002000100000007 /* ChatBubbleView.swift */,
				A1B2C3D40002000100000008 /* MessageInputView.swift */,
				A1B2C3D40002000100000009 /* TypingIndicatorView.swift */,
				A1B2C3D40002000100000018 /* MemoryVaultView.swift */,
				A1B2C3D40002000100000019 /* SettingsView.swift */,
				A1B2C3D40002000100000030 /* SidebarView.swift */,
				A1B2C3D40002000100000031 /* ChatScreenView.swift */,
				A1B2C3D40002000100000033 /* SarahWidgets.swift */,
				A1B2C3D40002000100000037 /* MessageList.swift */,
				A1B2C3D40002000100000038 /* MessageBar.swift */,
				A1B2C3D40002000100000040 /* LegacyChatViewController.swift */,
			);
			path = Views;
			sourceTree = "<group>";
		};
		A1B2C3D40004000100000006 /* ViewModels */ = {
			isa = PBXGroup;
			children = (
				A1B2C3D40002000100000006 /* ChatViewModel.swift */,
			);
			path = ViewModels;
			sourceTree = "<group>";
		};
		A1B2C3D40004000100000007 /* Products */ = {
			isa = PBXGroup;
			children = (
				A1B2C3D4000200010000000C /* SarahIA.app */,
				W1B2C3D4000200010000005A /* SarahIAWidgets.appex */,
			);
			name = Products;
			sourceTree = "<group>";
		};
		W1B2C3D40004000100000060 /* SarahIAWidgets */ = {
			isa = PBXGroup;
			children = (
				W1B2C3D40002000100000050 /* SarahIAWidgetsEntryPoint.swift */,
				W1B2C3D4000200010000005B /* Info.plist */,
			);
			path = SarahIAWidgets;
			sourceTree = "<group>";
		};
/* End PBXGroup section */

/* Begin PBXCopyFilesBuildPhase section */
		A1B2C3D40003000100000004 /* Embed App Extensions */ = {
			isa = PBXCopyFilesBuildPhase;
			buildActionMask = 2147483647;
			dstPath = "";
			dstSubfolderSpec = 13;
			files = (
				W1B2C3D4000100010000005A /* SarahIAWidgets.appex in Embed App Extensions */,
			);
			name = "Embed App Extensions";
			runOnlyForDeploymentPostprocessing = 0;
		};
/* End PBXCopyFilesBuildPhase section */

/* Begin PBXContainerItemProxy section */
		W1B2C3D40004000100000001 /* PBXContainerItemProxy */ = {
			isa = PBXContainerItemProxy;
			containerPortal = A1B2C3D40006000100000001 /* Project object */;
			proxyType = 1;
			remoteGlobalIDString = W1B2C3D40005000100000010;
			remoteInfo = SarahIAWidgets;
		};
/* End PBXContainerItemProxy section */

/* Begin PBXTargetDependency section */
		W1B2C3D40004000100000002 /* PBXTargetDependency */ = {
			isa = PBXTargetDependency;
			target = W1B2C3D40005000100000010 /* SarahIAWidgets */;
			targetProxy = W1B2C3D40004000100000001 /* PBXContainerItemProxy */;
		};
/* End PBXTargetDependency section */

/* Begin PBXNativeTarget section */
		A1B2C3D40005000100000001 /* SarahIA */ = {
			isa = PBXNativeTarget;
			buildConfigurationList = A1B2C3D40007000100000003 /* Build configuration list for PBXNativeTarget "SarahIA" */;
			buildPhases = (
				A1B2C3D40003000100000002 /* Sources */,
				A1B2C3D40003000100000001 /* Frameworks */,
				A1B2C3D40003000100000003 /* Resources */,
			);
			buildRules = (
			);
			dependencies = (
			);
			name = SarahIA;
			productName = SarahIA;
			productReference = A1B2C3D4000200010000000C /* SarahIA.app */;
			productType = "com.apple.product-type.application";
		};
		W1B2C3D40005000100000010 /* SarahIAWidgets */ = {
			isa = PBXNativeTarget;
			buildConfigurationList = W1B2C3D40007000100000010 /* Build configuration list for PBXNativeTarget "SarahIAWidgets" */;
			buildPhases = (
				W1B2C3D40003000100000020 /* Sources */,
				W1B2C3D40003000100000010 /* Frameworks (Widget) */,
			);
			buildRules = (
			);
			dependencies = (
			);
			name = SarahIAWidgets;
			productName = SarahIAWidgets;
			productReference = W1B2C3D4000200010000005A /* SarahIAWidgets.appex */;
			productType = "com.apple.product-type.app-extension";
		};
/* End PBXNativeTarget section */

/* Begin PBXProject section */
		A1B2C3D40006000100000001 /* Project object */ = {
			isa = PBXProject;
			attributes = {
				BuildIndependentTargetsInParallel = 1;
				LastSwiftUpdateCheck = 1500;
				LastUpgradeCheck = 1500;
				TargetAttributes = {
					A1B2C3D40005000100000001 = {
						CreatedOnToolsVersion = 15.0;
					};
					W1B2C3D40005000100000010 = {
						CreatedOnToolsVersion = 15.0;
					};
				};
			};
			buildConfigurationList = A1B2C3D40007000100000006 /* Build configuration list for PBXProject "SarahIA" */;
			compatibilityVersion = "Xcode 14.0";
			developmentRegion = fr;
			hasScannedForEncodings = 0;
			knownRegions = (
				en,
				fr,
				Base,
			);
			mainGroup = A1B2C3D40004000100000001;
			productRefGroup = A1B2C3D40004000100000007 /* Products */;
			projectDirPath = "";
			projectRoot = "";
			targets = (
				A1B2C3D40005000100000001 /* SarahIA */,
				W1B2C3D40005000100000010 /* SarahIAWidgets */,
			);
		};
/* End PBXProject section */

/* Begin PBXResourcesBuildPhase section */
		A1B2C3D40003000100000003 /* Resources */ = {
			isa = PBXResourcesBuildPhase;
			buildActionMask = 2147483647;
			files = (
				A1B2C3D4000100010000000B /* Assets.xcassets in Resources */,
			);
			runOnlyForDeploymentPostprocessing = 0;
		};
/* End PBXResourcesBuildPhase section */

/* Begin PBXSourcesBuildPhase section */
		A1B2C3D40003000100000002 /* Sources */ = {
			isa = PBXSourcesBuildPhase;
			buildActionMask = 2147483647;
			files = (
				A1B2C3D40001000100000001 /* SarahIAApp.swift in Sources */,
				A1B2C3D40001000100000002 /* ContentView.swift in Sources */,
				A1B2C3D40001000100000003 /* Message.swift in Sources */,
				A1B2C3D40001000100000004 /* AIService.swift in Sources */,
				A1B2C3D40001000100000005 /* NotificationService.swift in Sources */,
				A1B2C3D40001000100000006 /* ChatViewModel.swift in Sources */,
				A1B2C3D40001000100000007 /* ChatBubbleView.swift in Sources */,
				A1B2C3D40001000100000009 /* TypingIndicatorView.swift in Sources */,
				A1B2C3D40001000100000010 /* StorageService.swift in Sources */,
				A1B2C3D40001000100000011 /* AudioEngineManager.swift in Sources */,
				A1B2C3D40001000100000012 /* WhisperService.swift in Sources */,
				A1B2C3D40001000100000013 /* TTSService.swift in Sources */,
				A1B2C3D40001000100000017 /* HapticService.swift in Sources */,
				A1B2C3D40001000100000018 /* MemoryVaultView.swift in Sources */,
				A1B2C3D40001000100000019 /* SettingsView.swift in Sources */,
				A1B2C3D4000100010000001E /* OpenAIService.swift in Sources */,
				A1B2C3D4000100010000001F /* TranslationEngine.swift in Sources */,
				A1B2C3D40001000100000020 /* ModelDownloader.swift in Sources */,
				A1B2C3D40001000100000021 /* NetworkMonitor.swift in Sources */,
				A1B2C3D40001000100000022 /* LocalVisionEngine.swift in Sources */,
				A1B2C3D40001000100000023 /* SemanticMemoryIndex.swift in Sources */,
				A1B2C3D40001000100000024 /* DeviceController.swift in Sources */,
				A1B2C3D40001000100000025 /* ShortcutGenerator.swift in Sources */,
				A1B2C3D40001000100000026 /* LocalScriptSandbox.swift in Sources */,
				A1B2C3D40001000100000027 /* ClipboardCompanion.swift in Sources */,
				A1B2C3D40001000100000028 /* WakeWordDetector.swift in Sources */,
				A1B2C3D40001000100000029 /* BackTapGestureDetector.swift in Sources */,
				A1B2C3D4000100010000002A /* SarahWidgetBridge.swift in Sources */,
				A1B2C3D40001000100000030 /* SidebarView.swift in Sources */,
				A1B2C3D40001000100000031 /* ChatScreenView.swift in Sources */,
				A1B2C3D40001000100000032 /* Conversation.swift in Sources */,
				A1B2C3D40001000100000033 /* SarahWidgets.swift in Sources */,
				A1B2C3D40001000100000034 /* AppleSpeechRecognizer.swift in Sources */,
				A1B2C3D40001000100000035 /* AudioSessionManager.swift in Sources */,
				A1B2C3D40001000100000036 /* SpeechManager.swift in Sources */,
				A1B2C3D40001000100000037 /* MessageList.swift in Sources */,
				A1B2C3D40001000100000038 /* MessageBar.swift in Sources */,
				A1B2C3D40001000100000039 /* KeyboardObserver.swift in Sources */,
				A1B2C3D40001000100000040 /* LegacyChatViewController.swift in Sources */,
			);
			runOnlyForDeploymentPostprocessing = 0;
		};
		W1B2C3D40003000100000020 /* Sources (Widget) */ = {
			isa = PBXSourcesBuildPhase;
			buildActionMask = 2147483647;
			files = (
				W1B2C3D40001000100000050 /* SarahIAWidgetsEntryPoint.swift in Sources */,
				W1B2C3D40001000100000051 /* SarahWidgets.swift in Sources */,
				W1B2C3D40001000100000052 /* SarahWidgetBridge.swift in Sources */,
			);
			runOnlyForDeploymentPostprocessing = 0;
		};
/* End PBXSourcesBuildPhase section */

/* Begin XCBuildConfiguration section */
		A1B2C3D40007000100000001 /* Debug */ = {
			isa = XCBuildConfiguration;
			buildSettings = {
				ASSETCATALOG_COMPILER_APPICON_NAME = AppIcon;
				ASSETCATALOG_COMPILER_GLOBAL_ACCENT_COLOR_NAME = AccentColor;
				AD_HOC_CODE_SIGNING_ALLOWED = YES;
				CODE_SIGN_ENTITLEMENTS = SarahIA/SarahIA.entitlements;
				CODE_SIGN_IDENTITY = "-";
				CODE_SIGN_STYLE = Manual;
				CODE_SIGNING_ALLOWED = YES;
				CODE_SIGNING_REQUIRED = NO;
				CURRENT_PROJECT_VERSION = 1;
				DEVELOPMENT_TEAM = "";
				GENERATE_INFOPLIST_FILE = NO;
				INFOPLIST_FILE = SarahIA/Info.plist;
				INFOPLIST_KEY_CFBundleDisplayName = "Sarah IA";
				INFOPLIST_KEY_UIApplicationSupportsIndirectInputEvents = YES;
				INFOPLIST_KEY_UILaunchScreen_Generation = YES;
				INFOPLIST_KEY_UISupportedInterfaceOrientations = UIInterfaceOrientationPortrait;
				IPHONEOS_DEPLOYMENT_TARGET = 12.0;
				LD_RUNPATH_SEARCH_PATHS = (
					"$(inherited)",
					"@executable_path/Frameworks",
				);
				MARKETING_VERSION = 1.0;
				OTHER_LDFLAGS = (
					"$(inherited)",
					"-weak_framework",
					SwiftUI,
					"-weak_framework",
					Combine,
					"-weak_framework",
					WidgetKit,
				);
				PRODUCT_BUNDLE_IDENTIFIER = com.sarahia.app;
				PRODUCT_NAME = SarahIA;
				SWIFT_EMIT_LOC_STRINGS = YES;
				SWIFT_VERSION = 5.0;
				TARGETED_DEVICE_FAMILY = "1";
			};
			name = Debug;
		};
		A1B2C3D40007000100000002 /* Release */ = {
			isa = XCBuildConfiguration;
			buildSettings = {
				ASSETCATALOG_COMPILER_APPICON_NAME = AppIcon;
				ASSETCATALOG_COMPILER_GLOBAL_ACCENT_COLOR_NAME = AccentColor;
				AD_HOC_CODE_SIGNING_ALLOWED = YES;
				CODE_SIGN_ENTITLEMENTS = SarahIA/SarahIA.entitlements;
				CODE_SIGN_IDENTITY = "-";
				CODE_SIGN_STYLE = Manual;
				CODE_SIGNING_ALLOWED = YES;
				CODE_SIGNING_REQUIRED = NO;
				CURRENT_PROJECT_VERSION = 1;
				DEVELOPMENT_TEAM = "";
				GENERATE_INFOPLIST_FILE = NO;
				INFOPLIST_FILE = SarahIA/Info.plist;
				INFOPLIST_KEY_CFBundleDisplayName = "Sarah IA";
				INFOPLIST_KEY_UIApplicationSupportsIndirectInputEvents = YES;
				INFOPLIST_KEY_UILaunchScreen_Generation = YES;
				INFOPLIST_KEY_UISupportedInterfaceOrientations = UIInterfaceOrientationPortrait;
				IPHONEOS_DEPLOYMENT_TARGET = 12.0;
				LD_RUNPATH_SEARCH_PATHS = (
					"$(inherited)",
					"@executable_path/Frameworks",
				);
				MARKETING_VERSION = 1.0;
				OTHER_LDFLAGS = (
					"$(inherited)",
					"-weak_framework",
					SwiftUI,
					"-weak_framework",
					Combine,
					"-weak_framework",
					WidgetKit,
				);
				PRODUCT_BUNDLE_IDENTIFIER = com.sarahia.app;
				PRODUCT_NAME = SarahIA;
				SWIFT_EMIT_LOC_STRINGS = YES;
				SWIFT_VERSION = 5.0;
				TARGETED_DEVICE_FAMILY = "1";
			};
			name = Release;
		};
		A1B2C3D40007000100000004 /* Debug */ = {
			isa = XCBuildConfiguration;
			buildSettings = {
				ALWAYS_SEARCH_USER_PATHS = NO;
				ASSETCATALOG_COMPILER_GENERATE_SWIFT_ASSET_SYMBOL_EXTENSIONS = YES;
				CLANG_ANALYZER_NONNULL = YES;
				CLANG_ANALYZER_NUMBER_OBJECT_CONVERSION = YES_AGGRESSIVE;
				CLANG_CXX_LANGUAGE_STANDARD = "gnu++20";
				CLANG_ENABLE_MODULES = YES;
				CLANG_ENABLE_OBJC_ARC = YES;
				CLANG_ENABLE_OBJC_WEAK = YES;
				CLANG_WARN_BLOCK_CAPTURE_AUTORELEASING = YES;
				CLANG_WARN_BOOL_CONVERSION = YES;
				CLANG_WARN_COMMA = YES;
				CLANG_WARN_CONSTANT_CONVERSION = YES;
				CLANG_WARN_DEPRECATED_OBJC_IMPLEMENTATIONS = YES;
				CLANG_WARN_DIRECT_OBJC_ISA_USAGE = YES_ERROR;
				CLANG_WARN_DOCUMENTATION_COMMENTS = YES;
				CLANG_WARN_EMPTY_BODY = YES;
				CLANG_WARN_ENUM_CONVERSION = YES;
				CLANG_WARN_INFINITE_RECURSION = YES;
				CLANG_WARN_INT_CONVERSION = YES;
				CLANG_WARN_NON_LITERAL_NULL_CONVERSION = YES;
				CLANG_WARN_OBJC_IMPLICIT_RETAIN_SELF = YES;
				CLANG_WARN_OBJC_LITERAL_CONVERSION = YES;
				CLANG_WARN_OBJC_ROOT_CLASS = YES_ERROR;
				CLANG_WARN_QUOTED_INCLUDE_IN_FRAMEWORK_HEADER = YES;
				CLANG_WARN_RANGE_LOOP_ANALYSIS = YES;
				CLANG_WARN_STRICT_PROTOTYPES = YES;
				CLANG_WARN_SUSPICIOUS_MOVE = YES;
				CLANG_WARN_UNGUARDED_AVAILABILITY = YES_AGGRESSIVE;
				CLANG_WARN_UNREACHABLE_CODE = YES;
				CLANG_WARN__DUPLICATE_METHOD_MATCH = YES;
				COPY_PHASE_STRIP = NO;
				DEBUG_INFORMATION_FORMAT = dwarf;
				ENABLE_STRICT_OBJC_MSGSEND = YES;
				ENABLE_TESTABILITY = YES;
				ENABLE_USER_SCRIPT_SANDBOXING = YES;
				GCC_C_LANGUAGE_STANDARD = gnu17;
				GCC_DYNAMIC_NO_PIC = NO;
				GCC_NO_COMMON_BLOCKS = YES;
				GCC_OPTIMIZATION_LEVEL = 0;
				GCC_PREPROCESSOR_DEFINITIONS = (
					"DEBUG=1",
					"$(inherited)",
				);
				GCC_WARN_64_TO_32_BIT_CONVERSION = YES;
				GCC_WARN_ABOUT_RETURN_TYPE = YES_ERROR;
				GCC_WARN_UNDECLARED_SELECTOR = YES;
				GCC_WARN_UNINITIALIZED_AUTOS = YES_AGGRESSIVE;
				GCC_WARN_UNUSED_FUNCTION = YES;
				GCC_WARN_UNUSED_VARIABLE = YES;
				IPHONEOS_DEPLOYMENT_TARGET = 12.0;
				LOCALIZATION_PREFERS_STRING_CATALOGS = YES;
				MTL_ENABLE_DEBUG_INFO = INCLUDE_SOURCE;
				MTL_FAST_MATH = YES;
				ONLY_ACTIVE_ARCH = YES;
				SDKROOT = iphoneos;
				SWIFT_ACTIVE_COMPILATION_CONDITIONS = "$(inherited) DEBUG";
				SWIFT_OPTIMIZATION_LEVEL = "-Onone";
			};
			name = Debug;
		};
		A1B2C3D40007000100000005 /* Release */ = {
			isa = XCBuildConfiguration;
			buildSettings = {
				ALWAYS_SEARCH_USER_PATHS = NO;
				ASSETCATALOG_COMPILER_GENERATE_SWIFT_ASSET_SYMBOL_EXTENSIONS = YES;
				CLANG_ANALYZER_NONNULL = YES;
				CLANG_ANALYZER_NUMBER_OBJECT_CONVERSION = YES_AGGRESSIVE;
				CLANG_CXX_LANGUAGE_STANDARD = "gnu++20";
				CLANG_ENABLE_MODULES = YES;
				CLANG_ENABLE_OBJC_ARC = YES;
				CLANG_ENABLE_OBJC_WEAK = YES;
				CLANG_WARN_BLOCK_CAPTURE_AUTORELEASING = YES;
				CLANG_WARN_BOOL_CONVERSION = YES;
				CLANG_WARN_COMMA = YES;
				CLANG_WARN_CONSTANT_CONVERSION = YES;
				CLANG_WARN_DEPRECATED_OBJC_IMPLEMENTATIONS = YES;
				CLANG_WARN_DIRECT_OBJC_ISA_USAGE = YES_ERROR;
				CLANG_WARN_DOCUMENTATION_COMMENTS = YES;
				CLANG_WARN_EMPTY_BODY = YES;
				CLANG_WARN_ENUM_CONVERSION = YES;
				CLANG_WARN_INFINITE_RECURSION = YES;
				CLANG_WARN_INT_CONVERSION = YES;
				CLANG_WARN_NON_LITERAL_NULL_CONVERSION = YES;
				CLANG_WARN_OBJC_IMPLICIT_RETAIN_SELF = YES;
				CLANG_WARN_OBJC_LITERAL_CONVERSION = YES;
				CLANG_WARN_OBJC_ROOT_CLASS = YES_ERROR;
				CLANG_WARN_QUOTED_INCLUDE_IN_FRAMEWORK_HEADER = YES;
				CLANG_WARN_RANGE_LOOP_ANALYSIS = YES;
				CLANG_WARN_STRICT_PROTOTYPES = YES;
				CLANG_WARN_SUSPICIOUS_MOVE = YES;
				CLANG_WARN_UNGUARDED_AVAILABILITY = YES_AGGRESSIVE;
				CLANG_WARN_UNREACHABLE_CODE = YES;
				CLANG_WARN__DUPLICATE_METHOD_MATCH = YES;
				COPY_PHASE_STRIP = NO;
				DEBUG_INFORMATION_FORMAT = "dwarf-with-dsym";
				ENABLE_NS_ASSERTIONS = NO;
				ENABLE_STRICT_OBJC_MSGSEND = YES;
				ENABLE_USER_SCRIPT_SANDBOXING = YES;
				GCC_C_LANGUAGE_STANDARD = gnu17;
				GCC_NO_COMMON_BLOCKS = YES;
				GCC_WARN_64_TO_32_BIT_CONVERSION = YES;
				GCC_WARN_ABOUT_RETURN_TYPE = YES_ERROR;
				GCC_WARN_UNDECLARED_SELECTOR = YES;
				GCC_WARN_UNINITIALIZED_AUTOS = YES_AGGRESSIVE;
				GCC_WARN_UNUSED_FUNCTION = YES;
				GCC_WARN_UNUSED_VARIABLE = YES;
				IPHONEOS_DEPLOYMENT_TARGET = 12.0;
				LOCALIZATION_PREFERS_STRING_CATALOGS = YES;
				MTL_ENABLE_DEBUG_INFO = NO;
				MTL_FAST_MATH = YES;
				SDKROOT = iphoneos;
				SWIFT_COMPILATION_MODE = wholemodule;
				VALIDATE_PRODUCT = YES;
			};
			name = Release;
		};
		W1B2C3D40007000100000011 /* Debug (Widget) */ = {
			isa = XCBuildConfiguration;
			buildSettings = {
				AD_HOC_CODE_SIGNING_ALLOWED = YES;
				CODE_SIGN_ENTITLEMENTS = SarahIAWidgets/SarahIAWidgets.entitlements;
				CODE_SIGN_IDENTITY = "-";
				CODE_SIGN_STYLE = Manual;
				CODE_SIGNING_ALLOWED = YES;
				CODE_SIGNING_REQUIRED = NO;
				CURRENT_PROJECT_VERSION = 1;
				DEVELOPMENT_TEAM = "";
				GENERATE_INFOPLIST_FILE = NO;
				INFOPLIST_FILE = SarahIAWidgets/Info.plist;
				IPHONEOS_DEPLOYMENT_TARGET = 15.0;
				LD_RUNPATH_SEARCH_PATHS = (
					"$(inherited)",
					"@executable_path/Frameworks",
					"@executable_path/../../Frameworks",
				);
				MARKETING_VERSION = 1.0;
				PRODUCT_BUNDLE_IDENTIFIER = "com.sarahia.app.SarahIAWidgets";
				PRODUCT_NAME = SarahIAWidgets;
				SKIP_INSTALL = YES;
				SWIFT_VERSION = 5.0;
				TARGETED_DEVICE_FAMILY = "1";
			};
			name = Debug;
		};
		W1B2C3D40007000100000012 /* Release (Widget) */ = {
			isa = XCBuildConfiguration;
			buildSettings = {
				AD_HOC_CODE_SIGNING_ALLOWED = YES;
				CODE_SIGN_ENTITLEMENTS = SarahIAWidgets/SarahIAWidgets.entitlements;
				CODE_SIGN_IDENTITY = "-";
				CODE_SIGN_STYLE = Manual;
				CODE_SIGNING_ALLOWED = YES;
				CODE_SIGNING_REQUIRED = NO;
				CURRENT_PROJECT_VERSION = 1;
				DEVELOPMENT_TEAM = "";
				GENERATE_INFOPLIST_FILE = NO;
				INFOPLIST_FILE = SarahIAWidgets/Info.plist;
				IPHONEOS_DEPLOYMENT_TARGET = 15.0;
				LD_RUNPATH_SEARCH_PATHS = (
					"$(inherited)",
					"@executable_path/Frameworks",
					"@executable_path/../../Frameworks",
				);
				MARKETING_VERSION = 1.0;
				PRODUCT_BUNDLE_IDENTIFIER = "com.sarahia.app.SarahIAWidgets";
				PRODUCT_NAME = SarahIAWidgets;
				SKIP_INSTALL = YES;
				SWIFT_VERSION = 5.0;
				TARGETED_DEVICE_FAMILY = "1";
			};
			name = Release;
		};
/* End XCBuildConfiguration section */

/* Begin XCConfigurationList section */
		A1B2C3D40007000100000003 /* Build configuration list for PBXNativeTarget "SarahIA" */ = {
			isa = XCConfigurationList;
			buildConfigurations = (
				A1B2C3D40007000100000001 /* Debug */,
				A1B2C3D40007000100000002 /* Release */,
			);
			defaultConfigurationIsVisible = 0;
			defaultConfigurationName = Release;
		};
		A1B2C3D40007000100000006 /* Build configuration list for PBXProject "SarahIA" */ = {
			isa = XCConfigurationList;
			buildConfigurations = (
				A1B2C3D40007000100000004 /* Debug */,
				A1B2C3D40007000100000005 /* Release */,
			);
			defaultConfigurationIsVisible = 0;
			defaultConfigurationName = Release;
		};
		W1B2C3D40007000100000010 /* Build configuration list for PBXNativeTarget "SarahIAWidgets" */ = {
			isa = XCConfigurationList;
			buildConfigurations = (
				W1B2C3D40007000100000011 /* Debug */,
				W1B2C3D40007000100000012 /* Release */,
			);
			defaultConfigurationIsVisible = 0;
			defaultConfigurationName = Release;
		};
/* End XCConfigurationList section */
	};
	rootObject = A1B2C3D40006000100000001 /* Project object */;
}
